<?xml version="1.0" encoding="utf-8"?>
<Project ToolsVersion="4.0" xmlns="http://schemas.microsoft.com/developer/msbuild/2003">
  <ItemGroup>
    <Filter Include="Source Files">
      <UniqueIdentifier>{4FC737F1-C7A5-4376-A066-2A32D752A2FF}</UniqueIdentifier>
      <Extensions>cpp;c;cc;cxx;c++;cppm;ixx;def;odl;idl;hpj;bat;asm;asmx</Extensions>
    </Filter>
    <Filter Include="Header Files">
      <UniqueIdentifier>{93995380-89BD-4b04-88EB-625FBE52EBFB}</UniqueIdentifier>
      <Extensions>h;hh;hpp;hxx;h++;hm;inl;inc;ipp;xsd</Extensions>
    </Filter>
    <Filter Include="Resource Files">
      <UniqueIdentifier>{67DA6AB6-F800-4c08-8B7A-83BB121AAD01}</UniqueIdentifier>
      <Extensions>rc;ico;cur;bmp;dlg;rc2;rct;bin;rgs;gif;jpg;jpeg;jpe;resx;tiff;tif;png;wav;mfcribbon-ms</Extensions>
    </Filter>
    <Filter Include="Header Files\The Real Engine">
      <UniqueIdentifier>{51047927-8121-4fcb-8faf-869289af2f8d}</UniqueIdentifier>
    </Filter>
    <Filter Include="Source Files\Engine">
      <UniqueIdentifier>{8817a0a8-d800-4db8-b71c-578e639e5153}</UniqueIdentifier>
    </Filter>
    <Filter Include="Resource Files\TextFiles">
      <UniqueIdentifier>{0e177e0c-5774-494b-a436-a19350f9d2df}</UniqueIdentifier>
    </Filter>
    <Filter Include="Resource Files\TextFiles\Alphabet">
      <UniqueIdentifier>{a388b475-eb04-4b1b-8a88-a8e6e93e1950}</UniqueIdentifier>
    </Filter>
    <Filter Include="Resource Files\TextFiles\Models">
      <UniqueIdentifier>{2c40b790-6d77-4a28-abaa-2aed5554e52a}</UniqueIdentifier>
    </Filter>
    <Filter Include="Resource Files\TextFiles\Numbers">
      <UniqueIdentifier>{0f68ccf2-2e8e-4a12-962b-8873562be50e}</UniqueIdentifier>
    </Filter>
    <Filter Include="Resource Files\TextFiles\SpecialCharacters">
      <UniqueIdentifier>{c49a748d-a800-44b1-8245-4b3416928034}</UniqueIdentifier>
    </Filter>
    <Filter Include="Resource Files\Sounds">
      <UniqueIdentifier>{65461bc5-75ec-4a60-a837-fc506c564ff9}</UniqueIdentifier>
    </Filter>
    <Filter Include="Resource Files\Icon">
      <UniqueIdentifier>{05b64876-fdd3-4a3e-b2a3-fab0f41c52a8}</UniqueIdentifier>
    </Filter>
  </ItemGroup>
  <ItemGroup>
    <ClCompile Include="Menu.cpp">
      <Filter>Source Files</Filter>
    </ClCompile>
    <ClCompile Include="Battlezone.cpp">
      <Filter>Source Files</Filter>
    </ClCompile>
    <ClCompile Include="Tempest.cpp">
      <Filter>Source Files</Filter>
    </ClCompile>
    <ClCompile Include="Asteroids.cpp">
      <Filter>Source Files</Filter>
    </ClCompile>
    <ClCompile Include="Initialization.cpp">
      <Filter>Source Files</Filter>
    </ClCompile>
    <ClCompile Include="TEST.cpp">
      <Filter>Source Files</Filter>
    </ClCompile>
    <ClCompile Include="The Real Engine\Camera.cpp">
      <Filter>Source Files\Engine</Filter>
    </ClCompile>
    <ClCompile Include="The Real Engine\Game.cpp">
      <Filter>Source Files\Engine</Filter>
    </ClCompile>
    <ClCompile Include="The Real Engine\GameObject.cpp">
      <Filter>Source Files\Engine</Filter>
    </ClCompile>
    <ClCompile Include="The Real Engine\Kmath.cpp">
      <Filter>Source Files\Engine</Filter>
    </ClCompile>
    <ClCompile Include="The Real Engine\mat.cpp">
      <Filter>Source Files\Engine</Filter>
    </ClCompile>
    <ClCompile Include="The Real Engine\ModelMenager.cpp">
      <Filter>Source Files\Engine</Filter>
    </ClCompile>
    <ClCompile Include="The Real Engine\Renderer.cpp">
      <Filter>Source Files\Engine</Filter>
    </ClCompile>
    <ClCompile Include="The Real Engine\Main.cpp">
      <Filter>Source Files\Engine</Filter>
    </ClCompile>
    <ClCompile Include="The Real Engine\TextBox.cpp">
      <Filter>Source Files\Engine</Filter>
    </ClCompile>
    <ClCompile Include="The Real Engine\vec.cpp">
      <Filter>Source Files\Engine</Filter>
    </ClCompile>
  </ItemGroup>
  <ItemGroup>
    <ClInclude Include="Menu.h">
      <Filter>Header Files</Filter>
    </ClInclude>
    <ClInclude Include="Battlezone.h">
      <Filter>Header Files</Filter>
    </ClInclude>
    <ClInclude Include="Tempest.h">
      <Filter>Header Files</Filter>
    </ClInclude>
    <ClInclude Include="Asteroids.h">
      <Filter>Header Files</Filter>
    </ClInclude>
    <ClInclude Include="Initialization.h">
      <Filter>Header Files</Filter>
    </ClInclude>
    <ClInclude Include="TEST.h">
      <Filter>Header Files</Filter>
    </ClInclude>
    <ClInclude Include="The Real Engine\Camera.h">
      <Filter>Header Files\The Real Engine</Filter>
    </ClInclude>
    <ClInclude Include="The Real Engine\Game.h">
      <Filter>Header Files\The Real Engine</Filter>
    </ClInclude>
    <ClInclude Include="The Real Engine\GameObject.h">
      <Filter>Header Files\The Real Engine</Filter>
    </ClInclude>
    <ClInclude Include="The Real Engine\Kmath.h">
      <Filter>Header Files\The Real Engine</Filter>
    </ClInclude>
    <ClInclude Include="The Real Engine\mat.h">
      <Filter>Header Files\The Real Engine</Filter>
    </ClInclude>
    <ClInclude Include="The Real Engine\ModelMenager.h">
      <Filter>Header Files\The Real Engine</Filter>
    </ClInclude>
    <ClInclude Include="The Real Engine\Renderer.h">
      <Filter>Header Files\The Real Engine</Filter>
    </ClInclude>
    <ClInclude Include="The Real Engine\TextBox.h">
      <Filter>Header Files\The Real Engine</Filter>
    </ClInclude>
    <ClInclude Include="The Real Engine\The Real Engine.h">
      <Filter>Header Files\The Real Engine</Filter>
    </ClInclude>
    <ClInclude Include="The Real Engine\vec.h">
      <Filter>Header Files\The Real Engine</Filter>
    </ClInclude>
    <ClInclude Include="resource.h">
      <Filter>Header Files\The Real Engine</Filter>
    </ClInclude>
  </ItemGroup>
  <ItemGroup>
    <Text Include="textFiles\alphabet\A.ind.txt">
      <Filter>Resource Files\TextFiles\Alphabet</Filter>
    </Text>
    <Text Include="textFiles\alphabet\A.vx.txt">
      <Filter>Resource Files\TextFiles\Alphabet</Filter>
    </Text>
    <Text Include="textFiles\alphabet\B.ind.txt">
      <Filter>Resource Files\TextFiles\Alphabet</Filter>
    </Text>
    <Text Include="textFiles\alphabet\B.vx.txt">
      <Filter>Resource Files\TextFiles\Alphabet</Filter>
    </Text>
    <Text Include="textFiles\alphabet\C.ind.txt">
      <Filter>Resource Files\TextFiles\Alphabet</Filter>
    </Text>
    <Text Include="textFiles\alphabet\C.vx.txt">
      <Filter>Resource Files\TextFiles\Alphabet</Filter>
    </Text>
    <Text Include="textFiles\alphabet\D.ind.txt">
      <Filter>Resource Files\TextFiles\Alphabet</Filter>
    </Text>
    <Text Include="textFiles\alphabet\D.vx.txt">
      <Filter>Resource Files\TextFiles\Alphabet</Filter>
    </Text>
    <Text Include="textFiles\alphabet\E.ind.txt">
      <Filter>Resource Files\TextFiles\Alphabet</Filter>
    </Text>
    <Text Include="textFiles\alphabet\E.vx.txt">
      <Filter>Resource Files\TextFiles\Alphabet</Filter>
    </Text>
    <Text Include="textFiles\alphabet\F.ind.txt">
      <Filter>Resource Files\TextFiles\Alphabet</Filter>
    </Text>
    <Text Include="textFiles\alphabet\F.vx.txt">
      <Filter>Resource Files\TextFiles\Alphabet</Filter>
    </Text>
    <Text Include="textFiles\alphabet\G.ind.txt">
      <Filter>Resource Files\TextFiles\Alphabet</Filter>
    </Text>
    <Text Include="textFiles\alphabet\G.vx.txt">
      <Filter>Resource Files\TextFiles\Alphabet</Filter>
    </Text>
    <Text Include="textFiles\alphabet\H.ind.txt">
      <Filter>Resource Files\TextFiles\Alphabet</Filter>
    </Text>
    <Text Include="textFiles\alphabet\H.vx.txt">
      <Filter>Resource Files\TextFiles\Alphabet</Filter>
    </Text>
    <Text Include="textFiles\alphabet\I.ind.txt">
      <Filter>Resource Files\TextFiles\Alphabet</Filter>
    </Text>
    <Text Include="textFiles\alphabet\I.vx.txt">
      <Filter>Resource Files\TextFiles\Alphabet</Filter>
    </Text>
    <Text Include="textFiles\alphabet\J.ind.txt">
      <Filter>Resource Files\TextFiles\Alphabet</Filter>
    </Text>
    <Text Include="textFiles\alphabet\J.vx.txt">
      <Filter>Resource Files\TextFiles\Alphabet</Filter>
    </Text>
    <Text Include="textFiles\alphabet\K.ind.txt">
      <Filter>Resource Files\TextFiles\Alphabet</Filter>
    </Text>
    <Text Include="textFiles\alphabet\K.vx.txt">
      <Filter>Resource Files\TextFiles\Alphabet</Filter>
    </Text>
    <Text Include="textFiles\alphabet\L.ind.txt">
      <Filter>Resource Files\TextFiles\Alphabet</Filter>
    </Text>
    <Text Include="textFiles\alphabet\L.vx.txt">
      <Filter>Resource Files\TextFiles\Alphabet</Filter>
    </Text>
    <Text Include="textFiles\alphabet\M.ind.txt">
      <Filter>Resource Files\TextFiles\Alphabet</Filter>
    </Text>
    <Text Include="textFiles\alphabet\M.vx.txt">
      <Filter>Resource Files\TextFiles\Alphabet</Filter>
    </Text>
    <Text Include="textFiles\alphabet\N.ind.txt">
      <Filter>Resource Files\TextFiles\Alphabet</Filter>
    </Text>
    <Text Include="textFiles\alphabet\N.vx.txt">
      <Filter>Resource Files\TextFiles\Alphabet</Filter>
    </Text>
    <Text Include="textFiles\alphabet\O.ind.txt">
      <Filter>Resource Files\TextFiles\Alphabet</Filter>
    </Text>
    <Text Include="textFiles\alphabet\O.vx.txt">
      <Filter>Resource Files\TextFiles\Alphabet</Filter>
    </Text>
    <Text Include="textFiles\alphabet\P.ind.txt">
      <Filter>Resource Files\TextFiles\Alphabet</Filter>
    </Text>
    <Text Include="textFiles\alphabet\P.vx.txt">
      <Filter>Resource Files\TextFiles\Alphabet</Filter>
    </Text>
    <Text Include="textFiles\alphabet\Q.ind.txt">
      <Filter>Resource Files\TextFiles\Alphabet</Filter>
    </Text>
    <Text Include="textFiles\alphabet\Q.vx.txt">
      <Filter>Resource Files\TextFiles\Alphabet</Filter>
    </Text>
    <Text Include="textFiles\alphabet\R.ind.txt">
      <Filter>Resource Files\TextFiles\Alphabet</Filter>
    </Text>
    <Text Include="textFiles\alphabet\R.vx.txt">
      <Filter>Resource Files\TextFiles\Alphabet</Filter>
    </Text>
    <Text Include="textFiles\alphabet\S.ind.txt">
      <Filter>Resource Files\TextFiles\Alphabet</Filter>
    </Text>
    <Text Include="textFiles\alphabet\S.vx.txt">
      <Filter>Resource Files\TextFiles\Alphabet</Filter>
    </Text>
    <Text Include="textFiles\alphabet\T.ind.txt">
      <Filter>Resource Files\TextFiles\Alphabet</Filter>
    </Text>
    <Text Include="textFiles\alphabet\T.vx.txt">
      <Filter>Resource Files\TextFiles\Alphabet</Filter>
    </Text>
    <Text Include="textFiles\alphabet\U.ind.txt">
      <Filter>Resource Files\TextFiles\Alphabet</Filter>
    </Text>
    <Text Include="textFiles\alphabet\U.vx.txt">
      <Filter>Resource Files\TextFiles\Alphabet</Filter>
    </Text>
    <Text Include="textFiles\alphabet\V.ind.txt">
      <Filter>Resource Files\TextFiles\Alphabet</Filter>
    </Text>
    <Text Include="textFiles\alphabet\V.vx.txt">
      <Filter>Resource Files\TextFiles\Alphabet</Filter>
    </Text>
    <Text Include="textFiles\alphabet\W.ind.txt">
      <Filter>Resource Files\TextFiles\Alphabet</Filter>
    </Text>
    <Text Include="textFiles\alphabet\W.vx.txt">
      <Filter>Resource Files\TextFiles\Alphabet</Filter>
    </Text>
    <Text Include="textFiles\alphabet\X.ind.txt">
      <Filter>Resource Files\TextFiles\Alphabet</Filter>
    </Text>
    <Text Include="textFiles\alphabet\X.vx.txt">
      <Filter>Resource Files\TextFiles\Alphabet</Filter>
    </Text>
    <Text Include="textFiles\alphabet\Y.ind.txt">
      <Filter>Resource Files\TextFiles\Alphabet</Filter>
    </Text>
    <Text Include="textFiles\alphabet\Y.vx.txt">
      <Filter>Resource Files\TextFiles\Alphabet</Filter>
    </Text>
    <Text Include="textFiles\alphabet\Z.ind.txt">
      <Filter>Resource Files\TextFiles\Alphabet</Filter>
    </Text>
    <Text Include="textFiles\alphabet\Z.vx.txt">
      <Filter>Resource Files\TextFiles\Alphabet</Filter>
    </Text>
    <Text Include="textFiles\numbers\0.ind.txt">
      <Filter>Resource Files\TextFiles\Numbers</Filter>
    </Text>
    <Text Include="textFiles\numbers\0.vx.txt">
      <Filter>Resource Files\TextFiles\Numbers</Filter>
    </Text>
    <Text Include="textFiles\numbers\1.ind.txt">
      <Filter>Resource Files\TextFiles\Numbers</Filter>
    </Text>
    <Text Include="textFiles\numbers\1.vx.txt">
      <Filter>Resource Files\TextFiles\Numbers</Filter>
    </Text>
    <Text Include="textFiles\numbers\2.ind.txt">
      <Filter>Resource Files\TextFiles\Numbers</Filter>
    </Text>
    <Text Include="textFiles\numbers\2.vx.txt">
      <Filter>Resource Files\TextFiles\Numbers</Filter>
    </Text>
    <Text Include="textFiles\numbers\3.ind.txt">
      <Filter>Resource Files\TextFiles\Numbers</Filter>
    </Text>
    <Text Include="textFiles\numbers\3.vx.txt">
      <Filter>Resource Files\TextFiles\Numbers</Filter>
    </Text>
    <Text Include="textFiles\numbers\4.ind.txt">
      <Filter>Resource Files\TextFiles\Numbers</Filter>
    </Text>
    <Text Include="textFiles\numbers\4.vx.txt">
      <Filter>Resource Files\TextFiles\Numbers</Filter>
    </Text>
    <Text Include="textFiles\numbers\5.ind.txt">
      <Filter>Resource Files\TextFiles\Numbers</Filter>
    </Text>
    <Text Include="textFiles\numbers\5.vx.txt">
      <Filter>Resource Files\TextFiles\Numbers</Filter>
    </Text>
    <Text Include="textFiles\numbers\6.ind.txt">
      <Filter>Resource Files\TextFiles\Numbers</Filter>
    </Text>
    <Text Include="textFiles\numbers\6.vx.txt">
      <Filter>Resource Files\TextFiles\Numbers</Filter>
    </Text>
    <Text Include="textFiles\numbers\7.ind.txt">
      <Filter>Resource Files\TextFiles\Numbers</Filter>
    </Text>
    <Text Include="textFiles\numbers\7.vx.txt">
      <Filter>Resource Files\TextFiles\Numbers</Filter>
    </Text>
    <Text Include="textFiles\numbers\8.ind.txt">
      <Filter>Resource Files\TextFiles\Numbers</Filter>
    </Text>
    <Text Include="textFiles\numbers\8.vx.txt">
      <Filter>Resource Files\TextFiles\Numbers</Filter>
    </Text>
    <Text Include="textFiles\numbers\9.ind.txt">
      <Filter>Resource Files\TextFiles\Numbers</Filter>
    </Text>
    <Text Include="textFiles\numbers\9.vx.txt">
      <Filter>Resource Files\TextFiles\Numbers</Filter>
    </Text>
    <Text Include="textFiles\specialCharacters\apostrophe.ind.txt">
      <Filter>Resource Files\TextFiles\SpecialCharacters</Filter>
    </Text>
    <Text Include="textFiles\specialCharacters\apostrophe.vx.txt">
      <Filter>Resource Files\TextFiles\SpecialCharacters</Filter>
    </Text>
    <Text Include="textFiles\specialCharacters\colon.ind.txt">
      <Filter>Resource Files\TextFiles\SpecialCharacters</Filter>
    </Text>
    <Text Include="textFiles\specialCharacters\colon.vx.txt">
      <Filter>Resource Files\TextFiles\SpecialCharacters</Filter>
    </Text>
    <Text Include="textFiles\specialCharacters\comma.ind.txt">
      <Filter>Resource Files\TextFiles\SpecialCharacters</Filter>
    </Text>
    <Text Include="textFiles\specialCharacters\comma.vx.txt">
      <Filter>Resource Files\TextFiles\SpecialCharacters</Filter>
    </Text>
    <Text Include="textFiles\specialCharacters\dash.ind.txt">
      <Filter>Resource Files\TextFiles\SpecialCharacters</Filter>
    </Text>
    <Text Include="textFiles\specialCharacters\dash.vx.txt">
      <Filter>Resource Files\TextFiles\SpecialCharacters</Filter>
    </Text>
    <Text Include="textFiles\specialCharacters\dot.ind.txt">
      <Filter>Resource Files\TextFiles\SpecialCharacters</Filter>
    </Text>
    <Text Include="textFiles\specialCharacters\dot.vx.txt">
      <Filter>Resource Files\TextFiles\SpecialCharacters</Filter>
    </Text>
    <Text Include="textFiles\specialCharacters\exclamation-mark.ind.txt">
      <Filter>Resource Files\TextFiles\SpecialCharacters</Filter>
    </Text>
    <Text Include="textFiles\specialCharacters\exclamation-mark.vx.txt">
      <Filter>Resource Files\TextFiles\SpecialCharacters</Filter>
    </Text>
    <Text Include="textFiles\specialCharacters\left-bracket.ind.txt">
      <Filter>Resource Files\TextFiles\SpecialCharacters</Filter>
    </Text>
    <Text Include="textFiles\specialCharacters\left-bracket.vx.txt">
      <Filter>Resource Files\TextFiles\SpecialCharacters</Filter>
    </Text>
    <Text Include="textFiles\specialCharacters\percent.ind.txt">
      <Filter>Resource Files\TextFiles\SpecialCharacters</Filter>
    </Text>
    <Text Include="textFiles\specialCharacters\percent.vx.txt">
      <Filter>Resource Files\TextFiles\SpecialCharacters</Filter>
    </Text>
    <Text Include="textFiles\specialCharacters\question-mark.ind.txt">
      <Filter>Resource Files\TextFiles\SpecialCharacters</Filter>
    </Text>
    <Text Include="textFiles\specialCharacters\question-mark.vx.txt">
      <Filter>Resource Files\TextFiles\SpecialCharacters</Filter>
    </Text>
    <Text Include="textFiles\specialCharacters\right-bracket.ind.txt">
      <Filter>Resource Files\TextFiles\SpecialCharacters</Filter>
    </Text>
    <Text Include="textFiles\specialCharacters\right-bracket.vx.txt">
      <Filter>Resource Files\TextFiles\SpecialCharacters</Filter>
    </Text>
    <Text Include="textFiles\specialCharacters\semi-colon.ind.txt">
      <Filter>Resource Files\TextFiles\SpecialCharacters</Filter>
    </Text>
    <Text Include="textFiles\specialCharacters\semi-colon.vx.txt">
      <Filter>Resource Files\TextFiles\SpecialCharacters</Filter>
    </Text>
  </ItemGroup>
  <ItemGroup>
    <Image Include="Resources\Icon\icon.ico">
      <Filter>Resource Files\Icon</Filter>
    </Image>
    <Image Include="Resources\Icon\icon.png">
      <Filter>Resource Files\Icon</Filter>
    </Image>
  </ItemGroup>
  <ItemGroup>
    <Media Include="Sounds\asteroidsBackgroundMusic.wav">
      <Filter>Resource Files\Sounds</Filter>
    </Media>
    <Media Include="Sounds\asteroidsDestroy.wav">
      <Filter>Resource Files\Sounds</Filter>
    </Media>
    <Media Include="Sounds\asteroidsEndScreenMusic.wav">
      <Filter>Resource Files\Sounds</Filter>
    </Media>
    <Media Include="Sounds\asteroidsEnemyDeath.wav">
      <Filter>Resource Files\Sounds</Filter>
    </Media>
    <Media Include="Sounds\asteroidsEnemyShoot.wav">
      <Filter>Resource Files\Sounds</Filter>
    </Media>
    <Media Include="Sounds\asteroidsEnemySpawn.wav">
      <Filter>Resource Files\Sounds</Filter>
    </Media>
    <Media Include="Sounds\asteroidsExit.wav">
      <Filter>Resource Files\Sounds</Filter>
    </Media>
    <Media Include="Sounds\asteroidsInput.wav">
      <Filter>Resource Files\Sounds</Filter>
    </Media>
    <Media Include="Sounds\asteroidsInputBackspace.wav">
      <Filter>Resource Files\Sounds</Filter>
    </Media>
    <Media Include="Sounds\asteroidsLoudWoosh.wav">
      <Filter>Resource Files\Sounds</Filter>
    </Media>
    <Media Include="Sounds\asteroidsNewWave.wav">
      <Filter>Resource Files\Sounds</Filter>
    </Media>
    <Media Include="Sounds\asteroidsPlayerDeath.wav">
      <Filter>Resource Files\Sounds</Filter>
    </Media>
    <Media Include="Sounds\asteroidsPlayerShoot.wav">
      <Filter>Resource Files\Sounds</Filter>
    </Media>
    <Media Include="Sounds\asteroidsPlayerTeleport.wav">
      <Filter>Resource Files\Sounds</Filter>
    </Media>
    <Media Include="Sounds\asteroidsStart.wav">
      <Filter>Resource Files\Sounds</Filter>
    </Media>
    <Media Include="Sounds\asteroidsWoosh.wav">
      <Filter>Resource Files\Sounds</Filter>
    </Media>
    <Media Include="Sounds\Lobby-Time.wav">
      <Filter>Resource Files\Sounds</Filter>
    </Media>
    <Media Include="Sounds\mus01.wav">
      <Filter>Resource Files\Sounds</Filter>
    </Media>
    <Media Include="Sounds\tempestEnemyKill.wav">
      <Filter>Resource Files\Sounds</Filter>
    </Media>
    <Media Include="Sounds\tempestEnemySpawn.wav">
      <Filter>Resource Files\Sounds</Filter>
    </Media>
    <Media Include="Sounds\tempestLevelComplete.wav">
      <Filter>Resource Files\Sounds</Filter>
    </Media>
    <Media Include="Sounds\tempestLevelStart.wav">
      <Filter>Resource Files\Sounds</Filter>
    </Media>
    <Media Include="Sounds\tempestPlayerMove.wav">
      <Filter>Resource Files\Sounds</Filter>
    </Media>
    <Media Include="Sounds\tempestPlayerShoot.wav">
      <Filter>Resource Files\Sounds</Filter>
    </Media>
    <Media Include="Sounds\tempestSuperzapper.wav">
      <Filter>Resource Files\Sounds</Filter>
    </Media>
    <Media Include="Sounds\tempestSuperzapperEmpty.wav">
      <Filter>Resource Files\Sounds</Filter>
    </Media>
    <Media Include="Sounds\tempestEnemyShoot.wav">
      <Filter>Resource Files\Sounds</Filter>
    </Media>
    <Media Include="Sounds\battlezonePlayerHurt.wav">
      <Filter>Resource Files\Sounds</Filter>
    </Media>
    <Media Include="Sounds\battlezonePlayerMove.wav">
      <Filter>Resource Files\Sounds</Filter>
    </Media>
    <Media Include="Sounds\battlezonePlayerScored.wav">
      <Filter>Resource Files\Sounds</Filter>
    </Media>
    <Media Include="Sounds\battlezonePlayerShoot.wav">
      <Filter>Resource Files\Sounds</Filter>
    </Media>
    <Media Include="Sounds\battlezonePowerUp.wav">
      <Filter>Resource Files\Sounds</Filter>
    </Media>
    <Media Include="Sounds\battlezoneRadar.wav">
      <Filter>Resource Files\Sounds</Filter>
    </Media>
    <Media Include="Sounds\battlezoneEnemyShoot.wav">
      <Filter>Resource Files\Sounds</Filter>
    </Media>
    <Media Include="Sounds\battlezonePlayerBulletHit.wav">
      <Filter>Resource Files\Sounds</Filter>
    </Media>
  </ItemGroup>
  <ItemGroup>
    <ResourceCompile Include="Resource.rc">
      <Filter>Resource Files</Filter>
    </ResourceCompile>
  </ItemGroup>
</Project>